{
    "_readme": [
        "This file locks the dependencies of your project to a known state",
        "Read more about it at https://getcomposer.org/doc/01-basic-usage.md#composer-lock-the-lock-file",
        "This file is @generated automatically"
    ],
    "content-hash": "8564b99d908cbe587929ba739ed08d24",
    "packages": [
        {
            "name": "rain/raintpl",
            "version": "3.1.0",
            "source": {
                "type": "git",
                "url": "https://github.com/rainphp/raintpl3.git",
                "reference": "5fc655b59cb3d541755116a09fc4c0206b301923"
            },
            "dist": {
                "type": "zip",
                "url": "https://api.github.com/repos/rainphp/raintpl3/zipball/5fc655b59cb3d541755116a09fc4c0206b301923",
                "reference": "5fc655b59cb3d541755116a09fc4c0206b301923",
                "shasum": ""
            },
            "require": {
                "php": ">=5.3"
            },
            "type": "library",
            "autoload": {
                "psr-0": {
                    "Rain": "library/"
                }
            },
            "notification-url": "https://packagist.org/downloads/",
            "license": [
                "MIT"
            ],
            "authors": [
                {
                    "name": "Federico Ulfo",
                    "email": "rainelemental@gmail.com",
                    "homepage": "http://github.com/rainphp"
                },
                {
                    "name": "Rain Community"
                }
            ],
            "description": "easy and fast template engine",
            "homepage": "http://raintpl.com",
            "time": "2013-11-10T18:36:47+00:00"
        }
    ],
    "packages-dev": [],
    "aliases": [],
    "minimum-stability": "stable",
    "stability-flags": [],
    "prefer-stable": false,
    "prefer-lowest": false,
    "platform": [],
    "platform-dev": []
}
